
Microsoft Visual Studio Solution File, Format Version 12.00
# Visual Studio Version 17
VisualStudioVersion = 17.5.33424.131
MinimumVisualStudioVersion = 10.0.40219.1
Project("{FAE04EC0-301F-11D3-BF4B-00C04F79EFBC}") = "MVCExample.Web", "MVCExample.Web\MVCExample.Web.csproj", "{A15A2959-994E-4C26-873E-B7576664F03E}"
EndProject
Global
	GlobalSection(SolutionConfigurationPlatforms) = preSolution
		Debug|Any CPU = Debug|Any CPU
		Release|Any CPU = Release|Any CPU
	EndGlobalSection
	GlobalSection(ProjectConfigurationPlatforms) = postSolution
		{A15A2959-994E-4C26-873E-B7576664F03E}.Debug|Any CPU.ActiveCfg = Debug|Any CPU
		{A15A2959-994E-4C26-873E-B7576664F03E}.Debug|Any CPU.Build.0 = Debug|Any CPU
		{A15A2959-994E-4C26-873E-B7576664F03E}.Release|Any CPU.ActiveCfg = Release|Any CPU
		{A15A2959-994E-4C26-873E-B7576664F03E}.Release|Any CPU.Build.0 = Release|Any CPU
	EndGlobalSection
	GlobalSection(SolutionProperties) = preSolution
		HideSolutionNode = FALSE
	EndGlobalSection
	GlobalSection(ExtensibilityGlobals) = postSolution
		SolutionGuid = {B7445298-ADEB-431B-9B28-1A1648667A59}
	EndGlobalSection
EndGlobal
